// !$*UTF8*$!
{
	archiveVersion = 1;
	classes = {
	};
	objectVersion = 55;
	objects = {

/* Begin PBXBuildFile section */
		7C15660627A2F15B008BCAD0 /* PacificationApp.swift in Sources */ = {isa = PBXBuildFile; fileRef = 7C15660527A2F15B008BCAD0 /* PacificationApp.swift */; };
		7C15660827A2F15B008BCAD0 /* ContentView.swift in Sources */ = {isa = PBXBuildFile; fileRef = 7C15660727A2F15B008BCAD0 /* ContentView.swift */; };
		7C15660A27A2F15C008BCAD0 /* Assets.xcassets in Resources */ = {isa = PBXBuildFile; fileRef = 7C15660927A2F15C008BCAD0 /* Assets.xcassets */; };
		7C15660D27A2F15C008BCAD0 /* Preview Assets.xcassets in Resources */ = {isa = PBXBuildFile; fileRef = 7C15660C27A2F15C008BCAD0 /* Preview Assets.xcassets */; };
		7C15661527A2F2A6008BCAD0 /* QueryTag.swift in Sources */ = {isa = PBXBuildFile; fileRef = 7C15661427A2F2A6008BCAD0 /* QueryTag.swift */; };
		7C15661727A2F4CD008BCAD0 /* VideoManager.swift in Sources */ = {isa = PBXBuildFile; fileRef = 7C15661627A2F4CD008BCAD0 /* VideoManager.swift */; };
		7C34C0B927A2FDC500641CD5 /* VideoCard.swift in Sources */ = {isa = PBXBuildFile; fileRef = 7C34C0B827A2FDC500641CD5 /* VideoCard.swift */; };
		7C34C0BD27A3062200641CD5 /* ModelData.swift in Sources */ = {isa = PBXBuildFile; fileRef = 7C34C0BC27A3062200641CD5 /* ModelData.swift */; };
		7C34C0C227A3190300641CD5 /* videoData.json in Resources */ = {isa = PBXBuildFile; fileRef = 7C34C0C127A3190300641CD5 /* videoData.json */; };
		7C34C0C427A31D3E00641CD5 /* VideoView.swift in Sources */ = {isa = PBXBuildFile; fileRef = 7C34C0C327A31D3E00641CD5 /* VideoView.swift */; };
/* End PBXBuildFile section */

/* Begin PBXFileReference section */
		7C15660227A2F15B008BCAD0 /* Pacification.app */ = {isa = PBXFileReference; explicitFileType = wrapper.application; includeInIndex = 0; path = Pacification.app; sourceTree = BUILT_PRODUCTS_DIR; };
		7C15660527A2F15B008BCAD0 /* PacificationApp.swift */ = {isa = PBXFileReference; lastKnownFileType = sourcecode.swift; path = PacificationApp.swift; sourceTree = "<group>"; };
		7C15660727A2F15B008BCAD0 /* ContentView.swift */ = {isa = PBXFileReference; lastKnownFileType = sourcecode.swift; path = ContentView.swift; sourceTree = "<group>"; };
		7C15660927A2F15C008BCAD0 /* Assets.xcassets */ = {isa = PBXFileReference; lastKnownFileType = folder.assetcatalog; path = Assets.xcassets; sourceTree = "<group>"; };
		7C15660C27A2F15C008BCAD0 /* Preview Assets.xcassets */ = {isa = PBXFileReference; lastKnownFileType = folder.assetcatalog; path = "Preview Assets.xcassets"; sourceTree = "<group>"; };
		7C15661427A2F2A6008BCAD0 /* QueryTag.swift */ = {isa = PBXFileReference; lastKnownFileType = sourcecode.swift; path = QueryTag.swift; sourceTree = "<group>"; };
		7C15661627A2F4CD008BCAD0 /* VideoManager.swift */ = {isa = PBXFileReference; lastKnownFileType = sourcecode.swift; path = VideoManager.swift; sourceTree = "<group>"; };
		7C34C0B827A2FDC500641CD5 /* VideoCard.swift */ = {isa = PBXFileReference; lastKnownFileType = sourcecode.swift; path = VideoCard.swift; sourceTree = "<group>"; };
		7C34C0BC27A3062200641CD5 /* ModelData.swift */ = {isa = PBXFileReference; lastKnownFileType = sourcecode.swift; path = ModelData.swift; sourceTree = "<group>"; };
		7C34C0C127A3190300641CD5 /* videoData.json */ = {isa = PBXFileReference; lastKnownFileType = text.json; path = videoData.json; sourceTree = "<group>"; };
		7C34C0C327A31D3E00641CD5 /* VideoView.swift */ = {isa = PBXFileReference; lastKnownFileType = sourcecode.swift; path = VideoView.swift; sourceTree = "<group>"; };
/* End PBXFileReference section */

/* Begin PBXFrameworksBuildPhase section */
		7C1565FF27A2F15B008BCAD0 /* Frameworks */ = {
			isa = PBXFrameworksBuildPhase;
			buildActionMask = 2147483647;
			files = (
			);
			runOnlyForDeploymentPostprocessing = 0;
		};
/* End PBXFrameworksBuildPhase section */

/* Begin PBXGroup section */
		7C1565F927A2F15B008BCAD0 = {
			isa = PBXGroup;
			children = (
				7C15660427A2F15B008BCAD0 /* Pacification */,
				7C15660327A2F15B008BCAD0 /* Products */,
			);
			sourceTree = "<group>";
		};
		7C15660327A2F15B008BCAD0 /* Products */ = {
			isa = PBXGroup;
			children = (
				7C15660227A2F15B008BCAD0 /* Pacification.app */,
			);
			name = Products;
			sourceTree = "<group>";
		};
		7C15660427A2F15B008BCAD0 /* Pacification */ = {
			isa = PBXGroup;
			children = (
				7C15660527A2F15B008BCAD0 /* PacificationApp.swift */,
				7C15661627A2F4CD008BCAD0 /* VideoManager.swift */,
				7C15661827A2F64E008BCAD0 /* Views */,
				7C15661327A2F26C008BCAD0 /* Components */,
				7C15660927A2F15C008BCAD0 /* Assets.xcassets */,
				7C15660B27A2F15C008BCAD0 /* Preview Content */,
			);
			path = Pacification;
			sourceTree = "<group>";
		};
		7C15660B27A2F15C008BCAD0 /* Preview Content */ = {
			isa = PBXGroup;
			children = (
				7C34C0C127A3190300641CD5 /* videoData.json */,
				7C15660C27A2F15C008BCAD0 /* Preview Assets.xcassets */,
				7C34C0BC27A3062200641CD5 /* ModelData.swift */,
			);
			path = "Preview Content";
			sourceTree = "<group>";
		};
		7C15661327A2F26C008BCAD0 /* Components */ = {
			isa = PBXGroup;
			children = (
				7C15661427A2F2A6008BCAD0 /* QueryTag.swift */,
				7C34C0B827A2FDC500641CD5 /* VideoCard.swift */,
			);
			path = Components;
			sourceTree = "<group>";
		};
		7C15661827A2F64E008BCAD0 /* Views */ = {
			isa = PBXGroup;
			children = (
				7C15660727A2F15B008BCAD0 /* ContentView.swift */,
				7C34C0C327A31D3E00641CD5 /* VideoView.swift */,
			);
			path = Views;
			sourceTree = "<group>";
		};
/* End PBXGroup section */

/* Begin PBXNativeTarget section */
		7C15660127A2F15B008BCAD0 /* Pacification */ = {
			isa = PBXNativeTarget;
			buildConfigurationList = 7C15661027A2F15C008BCAD0 /* Build configuration list for PBXNativeTarget "Pacification" */;
			buildPhases = (
				7C1565FE27A2F15B008BCAD0 /* Sources */,
				7C1565FF27A2F15B008BCAD0 /* Frameworks */,
				7C15660027A2F15B008BCAD0 /* Resources */,
			);
			buildRules = (
			);
			dependencies = (
			);
			name = Pacification;
			productName = Pacification;
			productReference = 7C15660227A2F15B008BCAD0 /* Pacification.app */;
			productType = "com.apple.product-type.application";
		};
/* End PBXNativeTarget section */

/* Begin PBXProject section */
		7C1565FA27A2F15B008BCAD0 /* Project object */ = {
			isa = PBXProject;
			attributes = {
				BuildIndependentTargetsInParallel = 1;
				LastSwiftUpdateCheck = 1320;
				LastUpgradeCheck = 1320;
				TargetAttributes = {
					7C15660127A2F15B008BCAD0 = {
						CreatedOnToolsVersion = 13.2.1;
					};
				};
			};
			buildConfigurationList = 7C1565FD27A2F15B008BCAD0 /* Build configuration list for PBXProject "Pacification" */;
			compatibilityVersion = "Xcode 13.0";
			developmentRegion = en;
			hasScannedForEncodings = 0;
			knownRegions = (
				en,
				Base,
			);
			mainGroup = 7C1565F927A2F15B008BCAD0;
			productRefGroup = 7C15660327A2F15B008BCAD0 /* Products */;
			projectDirPath = "";
			projectRoot = "";
			targets = (
				7C15660127A2F15B008BCAD0 /* Pacification */,
			);
		};
/* End PBXProject section */

/* Begin PBXResourcesBuildPhase section */
		7C15660027A2F15B008BCAD0 /* Resources */ = {
			isa = PBXResourcesBuildPhase;
			buildActionMask = 2147483647;
			files = (
				7C15660D27A2F15C008BCAD0 /* Preview Assets.xcassets in Resources */,
				7C15660A27A2F15C008BCAD0 /* Assets.xcassets in Resources */,
				7C34C0C227A3190300641CD5 /* videoData.json in Resources */,
			);
			runOnlyForDeploymentPostprocessing = 0;
		};
/* End PBXResourcesBuildPhase section */

/* Begin PBXSourcesBuildPhase section */
		7C1565FE27A2F15B008BCAD0 /* Sources */ = {
			isa = PBXSourcesBuildPhase;
			buildActionMask = 2147483647;
			files = (
				7C15660827A2F15B008BCAD0 /* ContentView.swift in Sources */,
				7C34C0C427A31D3E00641CD5 /* VideoView.swift in Sources */,
				7C34C0B927A2FDC500641CD5 /* VideoCard.swift in Sources */,
				7C15661527A2F2A6008BCAD0 /* QueryTag.swift in Sources */,
				7C15660627A2F15B008BCAD0 /* PacificationApp.swift in Sources */,
				7C15661727A2F4CD008BCAD0 /* VideoManager.swift in Sources */,
				7C34C0BD27A3062200641CD5 /* ModelData.swift in Sources */,
			);
			runOnlyForDeploymentPostprocessing = 0;
		};
/* End PBXSourcesBuildPhase section */

/* Begin XCBuildConfiguration section */
		7C15660E27A2F15C008BCAD0 /* Debug */ = {
			isa = XCBuildConfiguration;
			buildSettings = {
				ALWAYS_SEARCH_USER_PATHS = NO;
				CLANG_ANALYZER_NONNULL = YES;
				CLANG_ANALYZER_NUMBER_OBJECT_CONVERSION = YES_AGGRESSIVE;
				CLANG_CXX_LANGUAGE_STANDARD = "gnu++17";
				CLANG_CXX_LIBRARY = "libc++";
				CLANG_ENABLE_MODULES = YES;
				CLANG_ENABLE_OBJC_ARC = YES;
				CLANG_ENABLE_OBJC_WEAK = YES;
				CLANG_WARN_BLOCK_CAPTURE_AUTORELEASING = YES;
				CLANG_WARN_BOOL_CONVERSION = YES;
				CLANG_WARN_COMMA = YES;
				CLANG_WARN_CONSTANT_CONVERSION = YES;
				CLANG_WARN_DEPRECATED_OBJC_IMPLEMENTATIONS = YES;
				CLANG_WARN_DIRECT_OBJC_ISA_USAGE = YES_ERROR;
				CLANG_WARN_DOCUMENTATION_COMMENTS = YES;
				CLANG_WARN_EMPTY_BODY = YES;
				CLANG_WARN_ENUM_CONVERSION = YES;
				CLANG_WARN_INFINITE_RECURSION = YES;
				CLANG_WARN_INT_CONVERSION = YES;
				CLANG_WARN_NON_LITERAL_NULL_CONVERSION = YES;
				CLANG_WARN_OBJC_IMPLICIT_RETAIN_SELF = YES;
				CLANG_WARN_OBJC_LITERAL_CONVERSION = YES;
				CLANG_WARN_OBJC_ROOT_CLASS = YES_ERROR;
				CLANG_WARN_QUOTED_INCLUDE_IN_FRAMEWORK_HEADER = YES;
				CLANG_WARN_RANGE_LOOP_ANALYSIS = YES;
				CLANG_WARN_STRICT_PROTOTYPES = YES;
				CLANG_WARN_SUSPICIOUS_MOVE = YES;
				CLANG_WARN_UNGUARDED_AVAILABILITY = YES_AGGRESSIVE;
				CLANG_WARN_UNREACHABLE_CODE = YES;
				CLANG_WARN__DUPLICATE_METHOD_MATCH = YES;
				COPY_PHASE_STRIP = NO;
				DEBUG_INFORMATION_FORMAT = dwarf;
				ENABLE_STRICT_OBJC_MSGSEND = YES;
				ENABLE_TESTABILITY = YES;
				GCC_C_LANGUAGE_STANDARD = gnu11;
				GCC_DYNAMIC_NO_PIC = NO;
				GCC_NO_COMMON_BLOCKS = YES;
				GCC_OPTIMIZATION_LEVEL = 0;
				GCC_PREPROCESSOR_DEFINITIONS = (
					"DEBUG=1",
					"$(inherited)",
				);
				GCC_WARN_64_TO_32_BIT_CONVERSION = YES;
				GCC_WARN_ABOUT_RETURN_TYPE = YES_ERROR;
				GCC_WARN_UNDECLARED_SELECTOR = YES;
				GCC_WARN_UNINITIALIZED_AUTOS = YES_AGGRESSIVE;
				GCC_WARN_UNUSED_FUNCTION = YES;
				GCC_WARN_UNUSED_VARIABLE = YES;
				IPHONEOS_DEPLOYMENT_TARGET = 15.2;
				MTL_ENABLE_DEBUG_INFO = INCLUDE_SOURCE;
				MTL_FAST_MATH = YES;
				ONLY_ACTIVE_ARCH = YES;
				SDKROOT = iphoneos;
				SWIFT_ACTIVE_COMPILATION_CONDITIONS = DEBUG;
				SWIFT_OPTIMIZATION_LEVEL = "-Onone";
			};
			name = Debug;
		};
		7C15660F27A2F15C008BCAD0 /* Release */ = {
			isa = XCBuildConfiguration;
			buildSettings = {
				ALWAYS_SEARCH_USER_PATHS = NO;
				CLANG_ANALYZER_NONNULL = YES;
				CLANG_ANALYZER_NUMBER_OBJECT_CONVERSION = YES_AGGRESSIVE;
				CLANG_CXX_LANGUAGE_STANDARD = "gnu++17";
				CLANG_CXX_LIBRARY = "libc++";
				CLANG_ENABLE_MODULES = YES;
				CLANG_ENABLE_OBJC_ARC = YES;
				CLANG_ENABLE_OBJC_WEAK = YES;
				CLANG_WARN_BLOCK_CAPTURE_AUTORELEASING = YES;
				CLANG_WARN_BOOL_CONVERSION = YES;
				CLANG_WARN_COMMA = YES;
				CLANG_WARN_CONSTANT_CONVERSION = YES;
				CLANG_WARN_DEPRECATED_OBJC_IMPLEMENTATIONS = YES;
				CLANG_WARN_DIRECT_OBJC_ISA_USAGE = YES_ERROR;
				CLANG_WARN_DOCUMENTATION_COMMENTS = YES;
				CLANG_WARN_EMPTY_BODY = YES;
				CLANG_WARN_ENUM_CONVERSION = YES;
				CLANG_WARN_INFINITE_RECURSION = YES;
				CLANG_WARN_INT_CONVERSION = YES;
				CLANG_WARN_NON_LITERAL_NULL_CONVERSION = YES;
				CLANG_WARN_OBJC_IMPLICIT_RETAIN_SELF = YES;
				CLANG_WARN_OBJC_LITERAL_CONVERSION = YES;
				CLANG_WARN_OBJC_ROOT_CLASS = YES_ERROR;
				CLANG_WARN_QUOTED_INCLUDE_IN_FRAMEWORK_HEADER = YES;
				CLANG_WARN_RANGE_LOOP_ANALYSIS = YES;
				CLANG_WARN_STRICT_PROTOTYPES = YES;
				CLANG_WARN_SUSPICIOUS_MOVE = YES;
				CLANG_WARN_UNGUARDED_AVAILABILITY = YES_AGGRESSIVE;
				CLANG_WARN_UNREACHABLE_CODE = YES;
				CLANG_WARN__DUPLICATE_METHOD_MATCH = YES;
				COPY_PHASE_STRIP = NO;
				DEBUG_INFORMATION_FORMAT = "dwarf-with-dsym";
				ENABLE_NS_ASSERTIONS = NO;
				ENABLE_STRICT_OBJC_MSGSEND = YES;
				GCC_C_LANGUAGE_STANDARD = gnu11;
				GCC_NO_COMMON_BLOCKS = YES;
				GCC_WARN_64_TO_32_BIT_CONVERSION = YES;
				GCC_WARN_ABOUT_RETURN_TYPE = YES_ERROR;
				GCC_WARN_UNDECLARED_SELECTOR = YES;
				GCC_WARN_UNINITIALIZED_AUTOS = YES_AGGRESSIVE;
				GCC_WARN_UNUSED_FUNCTION = YES;
				GCC_WARN_UNUSED_VARIABLE = YES;
				IPHONEOS_DEPLOYMENT_TARGET = 15.2;
				MTL_ENABLE_DEBUG_INFO = NO;
				MTL_FAST_MATH = YES;
				SDKROOT = iphoneos;
				SWIFT_COMPILATION_MODE = wholemodule;
				SWIFT_OPTIMIZATION_LEVEL = "-O";
				VALIDATE_PRODUCT = YES;
			};
			name = Release;
		};
		7C15661127A2F15C008BCAD0 /* Debug */ = {
			isa = XCBuildConfiguration;
			buildSettings = {
				ASSETCATALOG_COMPILER_APPICON_NAME = AppIcon;
				ASSETCATALOG_COMPILER_GLOBAL_ACCENT_COLOR_NAME = AccentColor;
				CODE_SIGN_STYLE = Automatic;
				CURRENT_PROJECT_VERSION = 1;
				DEVELOPMENT_ASSET_PATHS = "\"Pacification/Preview Content\"";
				DEVELOPMENT_TEAM = 3ASACPJ4LD;
				ENABLE_PREVIEWS = YES;
				GENERATE_INFOPLIST_FILE = YES;
				INFOPLIST_KEY_UIApplicationSceneManifest_Generation = YES;
				INFOPLIST_KEY_UIApplicationSupportsIndirectInputEvents = YES;
				INFOPLIST_KEY_UILaunchScreen_Generation = YES;
				INFOPLIST_KEY_UISupportedInterfaceOrientations = UIInterfaceOrientationPortrait;
				INFOPLIST_KEY_UISupportedInterfaceOrientations_iPad = "UIInterfaceOrientationPortrait UIInterfaceOrientationPortraitUpsideDown UIInterfaceOrientationLandscapeLeft UIInterfaceOrientationLandscapeRight";
				INFOPLIST_KEY_UISupportedInterfaceOrientations_iPhone = "UIInterfaceOrientationPortrait UIInterfaceOrientationLandscapeLeft UIInterfaceOrientationLandscapeRight";
				IPHONEOS_DEPLOYMENT_TARGET = 15.0;
				LD_RUNPATH_SEARCH_PATHS = (
					"$(inherited)",
					"@executable_path/Frameworks",
				);
				MARKETING_VERSION = 1.0;
				PRODUCT_BUNDLE_IDENTIFIER = com.IlyaZelkin.Pacification;
				PRODUCT_NAME = "$(TARGET_NAME)";
				SWIFT_EMIT_LOC_STRINGS = YES;
				SWIFT_VERSION = 5.0;
				TARGETED_DEVICE_FAMILY = 1;
			};
			name = Debug;
		};
		7C15661227A2F15C008BCAD0 /* Release */ = {
			isa = XCBuildConfiguration;
			buildSettings = {
				ASSETCATALOG_COMPILER_APPICON_NAME = AppIcon;
				ASSETCATALOG_COMPILER_GLOBAL_ACCENT_COLOR_NAME = AccentColor;
				CODE_SIGN_STYLE = Automatic;
				CURRENT_PROJECT_VERSION = 1;
				DEVELOPMENT_ASSET_PATHS = "\"Pacification/Preview Content\"";
				DEVELOPMENT_TEAM = 3ASACPJ4LD;
				ENABLE_PREVIEWS = YES;
				GENERATE_INFOPLIST_FILE = YES;
				INFOPLIST_KEY_UIApplicationSceneManifest_Generation = YES;
				INFOPLIST_KEY_UIApplicationSupportsIndirectInputEvents = YES;
				INFOPLIST_KEY_UILaunchScreen_Generation = YES;
				INFOPLIST_KEY_UISupportedInterfaceOrientations = UIInterfaceOrientationPortrait;
				INFOPLIST_KEY_UISupportedInterfaceOrientations_iPad = "UIInterfaceOrientationPortrait UIInterfaceOrientationPortraitUpsideDown UIInterfaceOrientationLandscapeLeft UIInterfaceOrientationLandscapeRight";
				INFOPLIST_KEY_UISupportedInterfaceOrientations_iPhone = "UIInterfaceOrientationPortrait UIInterfaceOrientationLandscapeLeft UIInterfaceOrientationLandscapeRight";
				IPHONEOS_DEPLOYMENT_TARGET = 15.0;
				LD_RUNPATH_SEARCH_PATHS = (
					"$(inherited)",
					"@executable_path/Frameworks",
				);
				MARKETING_VERSION = 1.0;
				PRODUCT_BUNDLE_IDENTIFIER = com.IlyaZelkin.Pacification;
				PRODUCT_NAME = "$(TARGET_NAME)";
				SWIFT_EMIT_LOC_STRINGS = YES;
				SWIFT_VERSION = 5.0;
				TARGETED_DEVICE_FAMILY = 1;
			};
			name = Release;
		};
/* End XCBuildConfiguration section */

/* Begin XCConfigurationList section */
		7C1565FD27A2F15B008BCAD0 /* Build configuration list for PBXProject "Pacification" */ = {
			isa = XCConfigurationList;
			buildConfigurations = (
				7C15660E27A2F15C008BCAD0 /* Debug */,
				7C15660F27A2F15C008BCAD0 /* Release */,
			);
			defaultConfigurationIsVisible = 0;
			defaultConfigurationName = Release;
		};
		7C15661027A2F15C008BCAD0 /* Build configuration list for PBXNativeTarget "Pacification" */ = {
			isa = XCConfigurationList;
			buildConfigurations = (
				7C15661127A2F15C008BCAD0 /* Debug */,
				7C15661227A2F15C008BCAD0 /* Release */,
			);
			defaultConfigurationIsVisible = 0;
			defaultConfigurationName = Release;
		};
/* End XCConfigurationList section */
	};
	rootObject = 7C1565FA27A2F15B008BCAD0 /* Project object */;
}
